{
  "R": {
    "Version": "4.3.2",
    "Repositories": [
      {
        "Name": "CRAN",
        "URL": "https://cran.rstudio.com"
      }
    ]
  },
  "Packages": {
    "cpp11": {
      "Package": "cpp11",
      "Version": "0.4.7",
      "Source": "Repository",
      "Repository": "CRAN",
      "Requirements": [
        "R"
      ],
      "Hash": "5a295d7d963cc5035284dcdbaf334f4e"
    },
    "generics": {
      "Package": "generics",
      "Version": "0.1.3",
      "Source": "Repository",
      "Repository": "CRAN",
      "Requirements": [
        "R",
        "methods"
      ],
      "Hash": "15e9634c0fcd294799e9b2e929ed1b86"
    },
    "lubridate": {
      "Package": "lubridate",
      "Version": "1.9.3.9000",
      "Source": "GitHub",
      "RemoteType": "github",
      "RemoteHost": "api.github.com",
      "RemoteRepo": "lubridate",
      "RemoteUsername": "tidyverse",
      "RemotePkgRef": "tidyverse/lubridate",
      "RemoteRef": "HEAD",
      "RemoteSha": "e0b50c1759fe35e90a094c012e0c2ce60d47500d",
      "Requirements": [
        "R",
        "generics",
        "methods",
        "timechange"
      ],
      "Hash": "3a759e91b08daba71289170e3eb826c2"
    },
    "timechange": {
      "Package": "timechange",
      "Version": "0.3.0",
      "Source": "Repository",
      "Repository": "CRAN",
      "Requirements": [
        "R",
        "cpp11"
      ],
      "Hash": "c5f3c201b931cd6474d17d8700ccb1c8"
    }
  }
}
